
Microsoft Visual Studio Solution File, Format Version 12.00
# Visual Studio 2013
VisualStudioVersion = 12.0.31101.0
MinimumVisualStudioVersion = 10.0.40219.1
Project("{FAE04EC0-301F-11D3-BF4B-00C04F79EFBC}") = "Jason", "src\net40\Jason\Jason.csproj", "{69E446BD-13BB-47AC-A4C2-17E244A70D75}"
EndProject
Project("{2150E333-8FDC-42A3-9474-1A3956D46DE8}") = "net40", "net40", "{D81962CC-26B0-46B7-B29D-5F47203C52DA}"
EndProject
Project("{FAE04EC0-301F-11D3-BF4B-00C04F79EFBC}") = "Jason.Server", "src\net40\Jason.Server\Jason.Server.csproj", "{C1B72CAF-7168-4B0E-B4FF-E79FDE0D453B}"
EndProject
Project("{FAE04EC0-301F-11D3-BF4B-00C04F79EFBC}") = "Jason.Tools", "src\net40\Jason.Tools\Jason.Tools.csproj", "{96AD09D4-647B-4438-B30E-BB028FAAD813}"
EndProject
Project("{FAE04EC0-301F-11D3-BF4B-00C04F79EFBC}") = "Jason.Client", "src\net40\Jason.Client\Jason.Client.csproj", "{E3158211-242F-4DD8-967E-70CA5C4486C5}"
EndProject
Project("{2150E333-8FDC-42A3-9474-1A3956D46DE8}") = "Jason Samples", "Jason Samples", "{18AC934C-B506-4B0F-8CF9-8A62D78CBD6D}"
EndProject
Project("{FAE04EC0-301F-11D3-BF4B-00C04F79EFBC}") = "SampleJasonServer.Web", "src\Samples\SampleJasonServer.Web\SampleJasonServer.Web.csproj", "{EC0676A1-D1B9-4965-AA3D-27B296B29E5B}"
EndProject
Project("{FAE04EC0-301F-11D3-BF4B-00C04F79EFBC}") = "SampleJasonServer.Desktop", "src\Samples\SampleJasonServer.Desktop\SampleJasonServer.Desktop.csproj", "{6BA5E334-303B-4620-981C-CCCFAC433C8A}"
	ProjectSection(ProjectDependencies) = postProject
		{EC0676A1-D1B9-4965-AA3D-27B296B29E5B} = {EC0676A1-D1B9-4965-AA3D-27B296B29E5B}
	EndProjectSection
EndProject
Project("{FAE04EC0-301F-11D3-BF4B-00C04F79EFBC}") = "SampleWorkers", "src\Samples\SampleWorkers\SampleWorkers.csproj", "{23DBC815-FA33-412D-A965-37CD93EE893B}"
EndProject
Project("{FAE04EC0-301F-11D3-BF4B-00C04F79EFBC}") = "SampleTasks.Desktop", "src\Samples\SampleTasks.Desktop\SampleTasks.Desktop.csproj", "{BB3952F4-6A02-4B7A-AE47-FBD43B611CE3}"
EndProject
Project("{FAE04EC0-301F-11D3-BF4B-00C04F79EFBC}") = "SampleJasonWebAPI", "src\Samples\SampleJasonWebAPI\SampleJasonWebAPI.csproj", "{105DDA00-8577-4440-B2B8-D7CC91F956DA}"
EndProject
Project("{FAE04EC0-301F-11D3-BF4B-00C04F79EFBC}") = "Jason.WebAPI", "src\net40\Jason.WebAPI\Jason.WebAPI.csproj", "{C355C9C0-832C-481C-9595-C98739682EF2}"
EndProject
Project("{2150E333-8FDC-42A3-9474-1A3956D46DE8}") = "netcore45", "netcore45", "{42A88133-F7E0-4AA7-B8B8-197DD755B0B6}"
EndProject
Project("{FAE04EC0-301F-11D3-BF4B-00C04F79EFBC}") = "Jason", "src\netcore45\Jason\Jason.csproj", "{ECA0B61D-2072-45E5-9F16-942F7FBBE520}"
EndProject
Project("{FAE04EC0-301F-11D3-BF4B-00C04F79EFBC}") = "Jason.Client", "src\netcore45\Jason.Client\Jason.Client.csproj", "{E423F44D-E2DF-4DBA-A212-9CBCAF391A43}"
EndProject
Project("{2150E333-8FDC-42A3-9474-1A3956D46DE8}") = "Solution Items", "Solution Items", "{41269EBC-E78D-4B77-8A36-5990C3CAD496}"
	ProjectSection(SolutionItems) = preProject
		shared\JasonAssemblyInfo.cs = shared\JasonAssemblyInfo.cs
	EndProjectSection
EndProject
Project("{FAE04EC0-301F-11D3-BF4B-00C04F79EFBC}") = "Jason.Client.InProcess", "src\net40\Jason.Client.InProcess\Jason.Client.InProcess.csproj", "{1ABD3923-E02C-4F43-AA31-0FE7B8D8AAD2}"
EndProject
Project("{FAE04EC0-301F-11D3-BF4B-00C04F79EFBC}") = "SampleJasonCommon", "src\Samples\SampleJasonCommon\SampleJasonCommon.csproj", "{D910ADCA-C2EB-42B5-B79C-46417FB13B38}"
EndProject
Project("{2150E333-8FDC-42A3-9474-1A3956D46DE8}") = ".nuget", ".nuget", "{A2FA43C4-530F-471D-88F7-A77718C14AA2}"
EndProject
Project("{E09DD79A-4488-4AB9-8D3F-A7EEE78BF432}") = "Jason", "src\nuget\Jason\Jason.nuproj", "{8506913C-BABA-45BE-B6EB-2DDE2EE47FE2}"
	ProjectSection(ProjectDependencies) = postProject
		{ECA0B61D-2072-45E5-9F16-942F7FBBE520} = {ECA0B61D-2072-45E5-9F16-942F7FBBE520}
		{69E446BD-13BB-47AC-A4C2-17E244A70D75} = {69E446BD-13BB-47AC-A4C2-17E244A70D75}
	EndProjectSection
EndProject
Project("{E09DD79A-4488-4AB9-8D3F-A7EEE78BF432}") = "Jason.Client", "src\nuget\Jason.Client\Jason.Client.nuproj", "{3838C575-58D8-41DC-A040-837AC7B83BDC}"
	ProjectSection(ProjectDependencies) = postProject
		{E3158211-242F-4DD8-967E-70CA5C4486C5} = {E3158211-242F-4DD8-967E-70CA5C4486C5}
		{E423F44D-E2DF-4DBA-A212-9CBCAF391A43} = {E423F44D-E2DF-4DBA-A212-9CBCAF391A43}
	EndProjectSection
EndProject
Project("{E09DD79A-4488-4AB9-8D3F-A7EEE78BF432}") = "Jason.WebAPI", "src\nuget\Jason.WebAPI\Jason.WebAPI.nuproj", "{A1C083EC-EA51-4BDA-8929-2C92DFD216B9}"
	ProjectSection(ProjectDependencies) = postProject
		{C355C9C0-832C-481C-9595-C98739682EF2} = {C355C9C0-832C-481C-9595-C98739682EF2}
	EndProjectSection
EndProject
Project("{E09DD79A-4488-4AB9-8D3F-A7EEE78BF432}") = "Jason.Client.InProcess", "src\nuget\Jason.Client.InProcess\Jason.Client.InProcess.nuproj", "{DCE9406C-EDFF-4BD4-B018-9CFDB0284025}"
	ProjectSection(ProjectDependencies) = postProject
		{1ABD3923-E02C-4F43-AA31-0FE7B8D8AAD2} = {1ABD3923-E02C-4F43-AA31-0FE7B8D8AAD2}
	EndProjectSection
EndProject
Project("{E09DD79A-4488-4AB9-8D3F-A7EEE78BF432}") = "Jason.Server", "src\nuget\Jason.Server\Jason.Server.nuproj", "{CCE131CE-F59A-497F-8ADA-239805D6FA8E}"
	ProjectSection(ProjectDependencies) = postProject
		{C1B72CAF-7168-4B0E-B4FF-E79FDE0D453B} = {C1B72CAF-7168-4B0E-B4FF-E79FDE0D453B}
	EndProjectSection
EndProject
Project("{E09DD79A-4488-4AB9-8D3F-A7EEE78BF432}") = "Jason.Tools", "src\nuget\Jason.Tools\Jason.Tools.nuproj", "{7AD65366-A939-4CFC-BADD-B2EA4796A617}"
	ProjectSection(ProjectDependencies) = postProject
		{96AD09D4-647B-4438-B30E-BB028FAAD813} = {96AD09D4-647B-4438-B30E-BB028FAAD813}
	EndProjectSection
EndProject
Project("{2150E333-8FDC-42A3-9474-1A3956D46DE8}") = "net45", "net45", "{C8511F5E-E6D5-4730-979C-7239C6DDCD46}"
EndProject
Project("{FAE04EC0-301F-11D3-BF4B-00C04F79EFBC}") = "Jason.Windsor", "src\net40\Jason.Windsor\Jason.Windsor.csproj", "{EBF9FA47-2175-4343-BEB0-23D75B249CF4}"
EndProject
Project("{E09DD79A-4488-4AB9-8D3F-A7EEE78BF432}") = "Jason.Windsor", "src\nuget\Jason.Windsor\Jason.Windsor.nuproj", "{BFEB4612-FBDB-4DC3-B7DC-D807C18D926A}"
EndProject
Global
	GlobalSection(SolutionConfigurationPlatforms) = preSolution
		Debug|Any CPU = Debug|Any CPU
		Debug|ARM = Debug|ARM
		Debug|x64 = Debug|x64
		Debug|x86 = Debug|x86
		Release|Any CPU = Release|Any CPU
		Release|ARM = Release|ARM
		Release|x64 = Release|x64
		Release|x86 = Release|x86
	EndGlobalSection
	GlobalSection(ProjectConfigurationPlatforms) = postSolution
		{69E446BD-13BB-47AC-A4C2-17E244A70D75}.Debug|Any CPU.ActiveCfg = Debug|Any CPU
		{69E446BD-13BB-47AC-A4C2-17E244A70D75}.Debug|Any CPU.Build.0 = Debug|Any CPU
		{69E446BD-13BB-47AC-A4C2-17E244A70D75}.Debug|ARM.ActiveCfg = Debug|Any CPU
		{69E446BD-13BB-47AC-A4C2-17E244A70D75}.Debug|x64.ActiveCfg = Debug|Any CPU
		{69E446BD-13BB-47AC-A4C2-17E244A70D75}.Debug|x86.ActiveCfg = Debug|Any CPU
		{69E446BD-13BB-47AC-A4C2-17E244A70D75}.Release|Any CPU.ActiveCfg = Release|Any CPU
		{69E446BD-13BB-47AC-A4C2-17E244A70D75}.Release|Any CPU.Build.0 = Release|Any CPU
		{69E446BD-13BB-47AC-A4C2-17E244A70D75}.Release|ARM.ActiveCfg = Release|Any CPU
		{69E446BD-13BB-47AC-A4C2-17E244A70D75}.Release|x64.ActiveCfg = Release|Any CPU
		{69E446BD-13BB-47AC-A4C2-17E244A70D75}.Release|x86.ActiveCfg = Release|Any CPU
		{C1B72CAF-7168-4B0E-B4FF-E79FDE0D453B}.Debug|Any CPU.ActiveCfg = Debug|Any CPU
		{C1B72CAF-7168-4B0E-B4FF-E79FDE0D453B}.Debug|Any CPU.Build.0 = Debug|Any CPU
		{C1B72CAF-7168-4B0E-B4FF-E79FDE0D453B}.Debug|ARM.ActiveCfg = Debug|Any CPU
		{C1B72CAF-7168-4B0E-B4FF-E79FDE0D453B}.Debug|x64.ActiveCfg = Debug|Any CPU
		{C1B72CAF-7168-4B0E-B4FF-E79FDE0D453B}.Debug|x86.ActiveCfg = Debug|Any CPU
		{C1B72CAF-7168-4B0E-B4FF-E79FDE0D453B}.Release|Any CPU.ActiveCfg = Release|Any CPU
		{C1B72CAF-7168-4B0E-B4FF-E79FDE0D453B}.Release|Any CPU.Build.0 = Release|Any CPU
		{C1B72CAF-7168-4B0E-B4FF-E79FDE0D453B}.Release|ARM.ActiveCfg = Release|Any CPU
		{C1B72CAF-7168-4B0E-B4FF-E79FDE0D453B}.Release|x64.ActiveCfg = Release|Any CPU
		{C1B72CAF-7168-4B0E-B4FF-E79FDE0D453B}.Release|x86.ActiveCfg = Release|Any CPU
		{96AD09D4-647B-4438-B30E-BB028FAAD813}.Debug|Any CPU.ActiveCfg = Debug|Any CPU
		{96AD09D4-647B-4438-B30E-BB028FAAD813}.Debug|Any CPU.Build.0 = Debug|Any CPU
		{96AD09D4-647B-4438-B30E-BB028FAAD813}.Debug|ARM.ActiveCfg = Debug|Any CPU
		{96AD09D4-647B-4438-B30E-BB028FAAD813}.Debug|x64.ActiveCfg = Debug|Any CPU
		{96AD09D4-647B-4438-B30E-BB028FAAD813}.Debug|x86.ActiveCfg = Debug|Any CPU
		{96AD09D4-647B-4438-B30E-BB028FAAD813}.Release|Any CPU.ActiveCfg = Release|Any CPU
		{96AD09D4-647B-4438-B30E-BB028FAAD813}.Release|Any CPU.Build.0 = Release|Any CPU
		{96AD09D4-647B-4438-B30E-BB028FAAD813}.Release|ARM.ActiveCfg = Release|Any CPU
		{96AD09D4-647B-4438-B30E-BB028FAAD813}.Release|x64.ActiveCfg = Release|Any CPU
		{96AD09D4-647B-4438-B30E-BB028FAAD813}.Release|x86.ActiveCfg = Release|Any CPU
		{E3158211-242F-4DD8-967E-70CA5C4486C5}.Debug|Any CPU.ActiveCfg = Debug|Any CPU
		{E3158211-242F-4DD8-967E-70CA5C4486C5}.Debug|Any CPU.Build.0 = Debug|Any CPU
		{E3158211-242F-4DD8-967E-70CA5C4486C5}.Debug|ARM.ActiveCfg = Debug|Any CPU
		{E3158211-242F-4DD8-967E-70CA5C4486C5}.Debug|x64.ActiveCfg = Debug|Any CPU
		{E3158211-242F-4DD8-967E-70CA5C4486C5}.Debug|x86.ActiveCfg = Debug|Any CPU
		{E3158211-242F-4DD8-967E-70CA5C4486C5}.Release|Any CPU.ActiveCfg = Release|Any CPU
		{E3158211-242F-4DD8-967E-70CA5C4486C5}.Release|Any CPU.Build.0 = Release|Any CPU
		{E3158211-242F-4DD8-967E-70CA5C4486C5}.Release|ARM.ActiveCfg = Release|Any CPU
		{E3158211-242F-4DD8-967E-70CA5C4486C5}.Release|x64.ActiveCfg = Release|Any CPU
		{E3158211-242F-4DD8-967E-70CA5C4486C5}.Release|x86.ActiveCfg = Release|Any CPU
		{EC0676A1-D1B9-4965-AA3D-27B296B29E5B}.Debug|Any CPU.ActiveCfg = Debug|Any CPU
		{EC0676A1-D1B9-4965-AA3D-27B296B29E5B}.Debug|Any CPU.Build.0 = Debug|Any CPU
		{EC0676A1-D1B9-4965-AA3D-27B296B29E5B}.Debug|ARM.ActiveCfg = Debug|Any CPU
		{EC0676A1-D1B9-4965-AA3D-27B296B29E5B}.Debug|x64.ActiveCfg = Debug|Any CPU
		{EC0676A1-D1B9-4965-AA3D-27B296B29E5B}.Debug|x86.ActiveCfg = Debug|Any CPU
		{EC0676A1-D1B9-4965-AA3D-27B296B29E5B}.Release|Any CPU.ActiveCfg = Release|Any CPU
		{EC0676A1-D1B9-4965-AA3D-27B296B29E5B}.Release|Any CPU.Build.0 = Release|Any CPU
		{EC0676A1-D1B9-4965-AA3D-27B296B29E5B}.Release|ARM.ActiveCfg = Release|Any CPU
		{EC0676A1-D1B9-4965-AA3D-27B296B29E5B}.Release|x64.ActiveCfg = Release|Any CPU
		{EC0676A1-D1B9-4965-AA3D-27B296B29E5B}.Release|x86.ActiveCfg = Release|Any CPU
		{6BA5E334-303B-4620-981C-CCCFAC433C8A}.Debug|Any CPU.ActiveCfg = Debug|Any CPU
		{6BA5E334-303B-4620-981C-CCCFAC433C8A}.Debug|Any CPU.Build.0 = Debug|Any CPU
		{6BA5E334-303B-4620-981C-CCCFAC433C8A}.Debug|ARM.ActiveCfg = Debug|Any CPU
		{6BA5E334-303B-4620-981C-CCCFAC433C8A}.Debug|x64.ActiveCfg = Debug|Any CPU
		{6BA5E334-303B-4620-981C-CCCFAC433C8A}.Debug|x86.ActiveCfg = Debug|Any CPU
		{6BA5E334-303B-4620-981C-CCCFAC433C8A}.Release|Any CPU.ActiveCfg = Release|Any CPU
		{6BA5E334-303B-4620-981C-CCCFAC433C8A}.Release|Any CPU.Build.0 = Release|Any CPU
		{6BA5E334-303B-4620-981C-CCCFAC433C8A}.Release|ARM.ActiveCfg = Release|Any CPU
		{6BA5E334-303B-4620-981C-CCCFAC433C8A}.Release|x64.ActiveCfg = Release|Any CPU
		{6BA5E334-303B-4620-981C-CCCFAC433C8A}.Release|x86.ActiveCfg = Release|Any CPU
		{23DBC815-FA33-412D-A965-37CD93EE893B}.Debug|Any CPU.ActiveCfg = Debug|Any CPU
		{23DBC815-FA33-412D-A965-37CD93EE893B}.Debug|Any CPU.Build.0 = Debug|Any CPU
		{23DBC815-FA33-412D-A965-37CD93EE893B}.Debug|ARM.ActiveCfg = Debug|Any CPU
		{23DBC815-FA33-412D-A965-37CD93EE893B}.Debug|x64.ActiveCfg = Debug|Any CPU
		{23DBC815-FA33-412D-A965-37CD93EE893B}.Debug|x86.ActiveCfg = Debug|Any CPU
		{23DBC815-FA33-412D-A965-37CD93EE893B}.Release|Any CPU.ActiveCfg = Release|Any CPU
		{23DBC815-FA33-412D-A965-37CD93EE893B}.Release|Any CPU.Build.0 = Release|Any CPU
		{23DBC815-FA33-412D-A965-37CD93EE893B}.Release|ARM.ActiveCfg = Release|Any CPU
		{23DBC815-FA33-412D-A965-37CD93EE893B}.Release|x64.ActiveCfg = Release|Any CPU
		{23DBC815-FA33-412D-A965-37CD93EE893B}.Release|x86.ActiveCfg = Release|Any CPU
		{BB3952F4-6A02-4B7A-AE47-FBD43B611CE3}.Debug|Any CPU.ActiveCfg = Debug|Any CPU
		{BB3952F4-6A02-4B7A-AE47-FBD43B611CE3}.Debug|Any CPU.Build.0 = Debug|Any CPU
		{BB3952F4-6A02-4B7A-AE47-FBD43B611CE3}.Debug|ARM.ActiveCfg = Debug|Any CPU
		{BB3952F4-6A02-4B7A-AE47-FBD43B611CE3}.Debug|x64.ActiveCfg = Debug|Any CPU
		{BB3952F4-6A02-4B7A-AE47-FBD43B611CE3}.Debug|x86.ActiveCfg = Debug|Any CPU
		{BB3952F4-6A02-4B7A-AE47-FBD43B611CE3}.Release|Any CPU.ActiveCfg = Release|Any CPU
		{BB3952F4-6A02-4B7A-AE47-FBD43B611CE3}.Release|Any CPU.Build.0 = Release|Any CPU
		{BB3952F4-6A02-4B7A-AE47-FBD43B611CE3}.Release|ARM.ActiveCfg = Release|Any CPU
		{BB3952F4-6A02-4B7A-AE47-FBD43B611CE3}.Release|x64.ActiveCfg = Release|Any CPU
		{BB3952F4-6A02-4B7A-AE47-FBD43B611CE3}.Release|x86.ActiveCfg = Release|Any CPU
		{105DDA00-8577-4440-B2B8-D7CC91F956DA}.Debug|Any CPU.ActiveCfg = Debug|Any CPU
		{105DDA00-8577-4440-B2B8-D7CC91F956DA}.Debug|Any CPU.Build.0 = Debug|Any CPU
		{105DDA00-8577-4440-B2B8-D7CC91F956DA}.Debug|ARM.ActiveCfg = Debug|Any CPU
		{105DDA00-8577-4440-B2B8-D7CC91F956DA}.Debug|x64.ActiveCfg = Debug|Any CPU
		{105DDA00-8577-4440-B2B8-D7CC91F956DA}.Debug|x86.ActiveCfg = Debug|Any CPU
		{105DDA00-8577-4440-B2B8-D7CC91F956DA}.Release|Any CPU.ActiveCfg = Release|Any CPU
		{105DDA00-8577-4440-B2B8-D7CC91F956DA}.Release|Any CPU.Build.0 = Release|Any CPU
		{105DDA00-8577-4440-B2B8-D7CC91F956DA}.Release|ARM.ActiveCfg = Release|Any CPU
		{105DDA00-8577-4440-B2B8-D7CC91F956DA}.Release|x64.ActiveCfg = Release|Any CPU
		{105DDA00-8577-4440-B2B8-D7CC91F956DA}.Release|x86.ActiveCfg = Release|Any CPU
		{C355C9C0-832C-481C-9595-C98739682EF2}.Debug|Any CPU.ActiveCfg = Debug|Any CPU
		{C355C9C0-832C-481C-9595-C98739682EF2}.Debug|Any CPU.Build.0 = Debug|Any CPU
		{C355C9C0-832C-481C-9595-C98739682EF2}.Debug|ARM.ActiveCfg = Debug|Any CPU
		{C355C9C0-832C-481C-9595-C98739682EF2}.Debug|x64.ActiveCfg = Debug|Any CPU
		{C355C9C0-832C-481C-9595-C98739682EF2}.Debug|x86.ActiveCfg = Debug|Any CPU
		{C355C9C0-832C-481C-9595-C98739682EF2}.Release|Any CPU.ActiveCfg = Release|Any CPU
		{C355C9C0-832C-481C-9595-C98739682EF2}.Release|Any CPU.Build.0 = Release|Any CPU
		{C355C9C0-832C-481C-9595-C98739682EF2}.Release|ARM.ActiveCfg = Release|Any CPU
		{C355C9C0-832C-481C-9595-C98739682EF2}.Release|x64.ActiveCfg = Release|Any CPU
		{C355C9C0-832C-481C-9595-C98739682EF2}.Release|x86.ActiveCfg = Release|Any CPU
		{ECA0B61D-2072-45E5-9F16-942F7FBBE520}.Debug|Any CPU.ActiveCfg = Debug|Any CPU
		{ECA0B61D-2072-45E5-9F16-942F7FBBE520}.Debug|Any CPU.Build.0 = Debug|Any CPU
		{ECA0B61D-2072-45E5-9F16-942F7FBBE520}.Debug|ARM.ActiveCfg = Debug|ARM
		{ECA0B61D-2072-45E5-9F16-942F7FBBE520}.Debug|ARM.Build.0 = Debug|ARM
		{ECA0B61D-2072-45E5-9F16-942F7FBBE520}.Debug|x64.ActiveCfg = Debug|x64
		{ECA0B61D-2072-45E5-9F16-942F7FBBE520}.Debug|x64.Build.0 = Debug|x64
		{ECA0B61D-2072-45E5-9F16-942F7FBBE520}.Debug|x86.ActiveCfg = Debug|x86
		{ECA0B61D-2072-45E5-9F16-942F7FBBE520}.Debug|x86.Build.0 = Debug|x86
		{ECA0B61D-2072-45E5-9F16-942F7FBBE520}.Release|Any CPU.ActiveCfg = Release|Any CPU
		{ECA0B61D-2072-45E5-9F16-942F7FBBE520}.Release|Any CPU.Build.0 = Release|Any CPU
		{ECA0B61D-2072-45E5-9F16-942F7FBBE520}.Release|ARM.ActiveCfg = Release|ARM
		{ECA0B61D-2072-45E5-9F16-942F7FBBE520}.Release|ARM.Build.0 = Release|ARM
		{ECA0B61D-2072-45E5-9F16-942F7FBBE520}.Release|x64.ActiveCfg = Release|x64
		{ECA0B61D-2072-45E5-9F16-942F7FBBE520}.Release|x64.Build.0 = Release|x64
		{ECA0B61D-2072-45E5-9F16-942F7FBBE520}.Release|x86.ActiveCfg = Release|x86
		{ECA0B61D-2072-45E5-9F16-942F7FBBE520}.Release|x86.Build.0 = Release|x86
		{E423F44D-E2DF-4DBA-A212-9CBCAF391A43}.Debug|Any CPU.ActiveCfg = Debug|Any CPU
		{E423F44D-E2DF-4DBA-A212-9CBCAF391A43}.Debug|Any CPU.Build.0 = Debug|Any CPU
		{E423F44D-E2DF-4DBA-A212-9CBCAF391A43}.Debug|ARM.ActiveCfg = Debug|ARM
		{E423F44D-E2DF-4DBA-A212-9CBCAF391A43}.Debug|ARM.Build.0 = Debug|ARM
		{E423F44D-E2DF-4DBA-A212-9CBCAF391A43}.Debug|x64.ActiveCfg = Debug|x64
		{E423F44D-E2DF-4DBA-A212-9CBCAF391A43}.Debug|x64.Build.0 = Debug|x64
		{E423F44D-E2DF-4DBA-A212-9CBCAF391A43}.Debug|x86.ActiveCfg = Debug|x86
		{E423F44D-E2DF-4DBA-A212-9CBCAF391A43}.Debug|x86.Build.0 = Debug|x86
		{E423F44D-E2DF-4DBA-A212-9CBCAF391A43}.Release|Any CPU.ActiveCfg = Release|Any CPU
		{E423F44D-E2DF-4DBA-A212-9CBCAF391A43}.Release|Any CPU.Build.0 = Release|Any CPU
		{E423F44D-E2DF-4DBA-A212-9CBCAF391A43}.Release|ARM.ActiveCfg = Release|ARM
		{E423F44D-E2DF-4DBA-A212-9CBCAF391A43}.Release|ARM.Build.0 = Release|ARM
		{E423F44D-E2DF-4DBA-A212-9CBCAF391A43}.Release|x64.ActiveCfg = Release|x64
		{E423F44D-E2DF-4DBA-A212-9CBCAF391A43}.Release|x64.Build.0 = Release|x64
		{E423F44D-E2DF-4DBA-A212-9CBCAF391A43}.Release|x86.ActiveCfg = Release|x86
		{E423F44D-E2DF-4DBA-A212-9CBCAF391A43}.Release|x86.Build.0 = Release|x86
		{1ABD3923-E02C-4F43-AA31-0FE7B8D8AAD2}.Debug|Any CPU.ActiveCfg = Debug|Any CPU
		{1ABD3923-E02C-4F43-AA31-0FE7B8D8AAD2}.Debug|Any CPU.Build.0 = Debug|Any CPU
		{1ABD3923-E02C-4F43-AA31-0FE7B8D8AAD2}.Debug|ARM.ActiveCfg = Debug|Any CPU
		{1ABD3923-E02C-4F43-AA31-0FE7B8D8AAD2}.Debug|x64.ActiveCfg = Debug|Any CPU
		{1ABD3923-E02C-4F43-AA31-0FE7B8D8AAD2}.Debug|x86.ActiveCfg = Debug|Any CPU
		{1ABD3923-E02C-4F43-AA31-0FE7B8D8AAD2}.Release|Any CPU.ActiveCfg = Release|Any CPU
		{1ABD3923-E02C-4F43-AA31-0FE7B8D8AAD2}.Release|Any CPU.Build.0 = Release|Any CPU
		{1ABD3923-E02C-4F43-AA31-0FE7B8D8AAD2}.Release|ARM.ActiveCfg = Release|Any CPU
		{1ABD3923-E02C-4F43-AA31-0FE7B8D8AAD2}.Release|x64.ActiveCfg = Release|Any CPU
		{1ABD3923-E02C-4F43-AA31-0FE7B8D8AAD2}.Release|x86.ActiveCfg = Release|Any CPU
		{D910ADCA-C2EB-42B5-B79C-46417FB13B38}.Debug|Any CPU.ActiveCfg = Debug|Any CPU
		{D910ADCA-C2EB-42B5-B79C-46417FB13B38}.Debug|Any CPU.Build.0 = Debug|Any CPU
		{D910ADCA-C2EB-42B5-B79C-46417FB13B38}.Debug|ARM.ActiveCfg = Debug|Any CPU
		{D910ADCA-C2EB-42B5-B79C-46417FB13B38}.Debug|x64.ActiveCfg = Debug|Any CPU
		{D910ADCA-C2EB-42B5-B79C-46417FB13B38}.Debug|x86.ActiveCfg = Debug|Any CPU
		{D910ADCA-C2EB-42B5-B79C-46417FB13B38}.Release|Any CPU.ActiveCfg = Release|Any CPU
		{D910ADCA-C2EB-42B5-B79C-46417FB13B38}.Release|Any CPU.Build.0 = Release|Any CPU
		{D910ADCA-C2EB-42B5-B79C-46417FB13B38}.Release|ARM.ActiveCfg = Release|Any CPU
		{D910ADCA-C2EB-42B5-B79C-46417FB13B38}.Release|x64.ActiveCfg = Release|Any CPU
		{D910ADCA-C2EB-42B5-B79C-46417FB13B38}.Release|x86.ActiveCfg = Release|Any CPU
		{8506913C-BABA-45BE-B6EB-2DDE2EE47FE2}.Debug|Any CPU.ActiveCfg = Debug|Any CPU
		{8506913C-BABA-45BE-B6EB-2DDE2EE47FE2}.Debug|Any CPU.Build.0 = Debug|Any CPU
		{8506913C-BABA-45BE-B6EB-2DDE2EE47FE2}.Debug|ARM.ActiveCfg = Debug|Any CPU
		{8506913C-BABA-45BE-B6EB-2DDE2EE47FE2}.Debug|x64.ActiveCfg = Debug|Any CPU
		{8506913C-BABA-45BE-B6EB-2DDE2EE47FE2}.Debug|x86.ActiveCfg = Debug|Any CPU
		{8506913C-BABA-45BE-B6EB-2DDE2EE47FE2}.Release|Any CPU.ActiveCfg = Release|Any CPU
		{8506913C-BABA-45BE-B6EB-2DDE2EE47FE2}.Release|Any CPU.Build.0 = Release|Any CPU
		{8506913C-BABA-45BE-B6EB-2DDE2EE47FE2}.Release|ARM.ActiveCfg = Release|Any CPU
		{8506913C-BABA-45BE-B6EB-2DDE2EE47FE2}.Release|x64.ActiveCfg = Release|Any CPU
		{8506913C-BABA-45BE-B6EB-2DDE2EE47FE2}.Release|x86.ActiveCfg = Release|Any CPU
		{3838C575-58D8-41DC-A040-837AC7B83BDC}.Debug|Any CPU.ActiveCfg = Debug|Any CPU
		{3838C575-58D8-41DC-A040-837AC7B83BDC}.Debug|Any CPU.Build.0 = Debug|Any CPU
		{3838C575-58D8-41DC-A040-837AC7B83BDC}.Debug|ARM.ActiveCfg = Debug|Any CPU
		{3838C575-58D8-41DC-A040-837AC7B83BDC}.Debug|x64.ActiveCfg = Debug|Any CPU
		{3838C575-58D8-41DC-A040-837AC7B83BDC}.Debug|x86.ActiveCfg = Debug|Any CPU
		{3838C575-58D8-41DC-A040-837AC7B83BDC}.Release|Any CPU.ActiveCfg = Release|Any CPU
		{3838C575-58D8-41DC-A040-837AC7B83BDC}.Release|Any CPU.Build.0 = Release|Any CPU
		{3838C575-58D8-41DC-A040-837AC7B83BDC}.Release|ARM.ActiveCfg = Release|Any CPU
		{3838C575-58D8-41DC-A040-837AC7B83BDC}.Release|x64.ActiveCfg = Release|Any CPU
		{3838C575-58D8-41DC-A040-837AC7B83BDC}.Release|x86.ActiveCfg = Release|Any CPU
		{A1C083EC-EA51-4BDA-8929-2C92DFD216B9}.Debug|Any CPU.ActiveCfg = Debug|Any CPU
		{A1C083EC-EA51-4BDA-8929-2C92DFD216B9}.Debug|Any CPU.Build.0 = Debug|Any CPU
		{A1C083EC-EA51-4BDA-8929-2C92DFD216B9}.Debug|ARM.ActiveCfg = Debug|Any CPU
		{A1C083EC-EA51-4BDA-8929-2C92DFD216B9}.Debug|x64.ActiveCfg = Debug|Any CPU
		{A1C083EC-EA51-4BDA-8929-2C92DFD216B9}.Debug|x86.ActiveCfg = Debug|Any CPU
		{A1C083EC-EA51-4BDA-8929-2C92DFD216B9}.Release|Any CPU.ActiveCfg = Release|Any CPU
		{A1C083EC-EA51-4BDA-8929-2C92DFD216B9}.Release|Any CPU.Build.0 = Release|Any CPU
		{A1C083EC-EA51-4BDA-8929-2C92DFD216B9}.Release|ARM.ActiveCfg = Release|Any CPU
		{A1C083EC-EA51-4BDA-8929-2C92DFD216B9}.Release|x64.ActiveCfg = Release|Any CPU
		{A1C083EC-EA51-4BDA-8929-2C92DFD216B9}.Release|x86.ActiveCfg = Release|Any CPU
		{DCE9406C-EDFF-4BD4-B018-9CFDB0284025}.Debug|Any CPU.ActiveCfg = Debug|Any CPU
		{DCE9406C-EDFF-4BD4-B018-9CFDB0284025}.Debug|Any CPU.Build.0 = Debug|Any CPU
		{DCE9406C-EDFF-4BD4-B018-9CFDB0284025}.Debug|ARM.ActiveCfg = Debug|Any CPU
		{DCE9406C-EDFF-4BD4-B018-9CFDB0284025}.Debug|x64.ActiveCfg = Debug|Any CPU
		{DCE9406C-EDFF-4BD4-B018-9CFDB0284025}.Debug|x86.ActiveCfg = Debug|Any CPU
		{DCE9406C-EDFF-4BD4-B018-9CFDB0284025}.Release|Any CPU.ActiveCfg = Release|Any CPU
		{DCE9406C-EDFF-4BD4-B018-9CFDB0284025}.Release|Any CPU.Build.0 = Release|Any CPU
		{DCE9406C-EDFF-4BD4-B018-9CFDB0284025}.Release|ARM.ActiveCfg = Release|Any CPU
		{DCE9406C-EDFF-4BD4-B018-9CFDB0284025}.Release|x64.ActiveCfg = Release|Any CPU
		{DCE9406C-EDFF-4BD4-B018-9CFDB0284025}.Release|x86.ActiveCfg = Release|Any CPU
		{CCE131CE-F59A-497F-8ADA-239805D6FA8E}.Debug|Any CPU.ActiveCfg = Debug|Any CPU
		{CCE131CE-F59A-497F-8ADA-239805D6FA8E}.Debug|Any CPU.Build.0 = Debug|Any CPU
		{CCE131CE-F59A-497F-8ADA-239805D6FA8E}.Debug|ARM.ActiveCfg = Debug|Any CPU
		{CCE131CE-F59A-497F-8ADA-239805D6FA8E}.Debug|x64.ActiveCfg = Debug|Any CPU
		{CCE131CE-F59A-497F-8ADA-239805D6FA8E}.Debug|x86.ActiveCfg = Debug|Any CPU
		{CCE131CE-F59A-497F-8ADA-239805D6FA8E}.Release|Any CPU.ActiveCfg = Release|Any CPU
		{CCE131CE-F59A-497F-8ADA-239805D6FA8E}.Release|Any CPU.Build.0 = Release|Any CPU
		{CCE131CE-F59A-497F-8ADA-239805D6FA8E}.Release|ARM.ActiveCfg = Release|Any CPU
		{CCE131CE-F59A-497F-8ADA-239805D6FA8E}.Release|x64.ActiveCfg = Release|Any CPU
		{CCE131CE-F59A-497F-8ADA-239805D6FA8E}.Release|x86.ActiveCfg = Release|Any CPU
		{7AD65366-A939-4CFC-BADD-B2EA4796A617}.Debug|Any CPU.ActiveCfg = Debug|Any CPU
		{7AD65366-A939-4CFC-BADD-B2EA4796A617}.Debug|Any CPU.Build.0 = Debug|Any CPU
		{7AD65366-A939-4CFC-BADD-B2EA4796A617}.Debug|ARM.ActiveCfg = Debug|Any CPU
		{7AD65366-A939-4CFC-BADD-B2EA4796A617}.Debug|x64.ActiveCfg = Debug|Any CPU
		{7AD65366-A939-4CFC-BADD-B2EA4796A617}.Debug|x86.ActiveCfg = Debug|Any CPU
		{7AD65366-A939-4CFC-BADD-B2EA4796A617}.Release|Any CPU.ActiveCfg = Release|Any CPU
		{7AD65366-A939-4CFC-BADD-B2EA4796A617}.Release|Any CPU.Build.0 = Release|Any CPU
		{7AD65366-A939-4CFC-BADD-B2EA4796A617}.Release|ARM.ActiveCfg = Release|Any CPU
		{7AD65366-A939-4CFC-BADD-B2EA4796A617}.Release|x64.ActiveCfg = Release|Any CPU
		{7AD65366-A939-4CFC-BADD-B2EA4796A617}.Release|x86.ActiveCfg = Release|Any CPU
		{EBF9FA47-2175-4343-BEB0-23D75B249CF4}.Debug|Any CPU.ActiveCfg = Debug|Any CPU
		{EBF9FA47-2175-4343-BEB0-23D75B249CF4}.Debug|Any CPU.Build.0 = Debug|Any CPU
		{EBF9FA47-2175-4343-BEB0-23D75B249CF4}.Debug|ARM.ActiveCfg = Debug|Any CPU
		{EBF9FA47-2175-4343-BEB0-23D75B249CF4}.Debug|x64.ActiveCfg = Debug|Any CPU
		{EBF9FA47-2175-4343-BEB0-23D75B249CF4}.Debug|x86.ActiveCfg = Debug|Any CPU
		{EBF9FA47-2175-4343-BEB0-23D75B249CF4}.Release|Any CPU.ActiveCfg = Release|Any CPU
		{EBF9FA47-2175-4343-BEB0-23D75B249CF4}.Release|Any CPU.Build.0 = Release|Any CPU
		{EBF9FA47-2175-4343-BEB0-23D75B249CF4}.Release|ARM.ActiveCfg = Release|Any CPU
		{EBF9FA47-2175-4343-BEB0-23D75B249CF4}.Release|x64.ActiveCfg = Release|Any CPU
		{EBF9FA47-2175-4343-BEB0-23D75B249CF4}.Release|x86.ActiveCfg = Release|Any CPU
		{BFEB4612-FBDB-4DC3-B7DC-D807C18D926A}.Debug|Any CPU.ActiveCfg = Debug|Any CPU
		{BFEB4612-FBDB-4DC3-B7DC-D807C18D926A}.Debug|Any CPU.Build.0 = Debug|Any CPU
		{BFEB4612-FBDB-4DC3-B7DC-D807C18D926A}.Debug|ARM.ActiveCfg = Debug|Any CPU
		{BFEB4612-FBDB-4DC3-B7DC-D807C18D926A}.Debug|x64.ActiveCfg = Debug|Any CPU
		{BFEB4612-FBDB-4DC3-B7DC-D807C18D926A}.Debug|x86.ActiveCfg = Debug|Any CPU
		{BFEB4612-FBDB-4DC3-B7DC-D807C18D926A}.Release|Any CPU.ActiveCfg = Release|Any CPU
		{BFEB4612-FBDB-4DC3-B7DC-D807C18D926A}.Release|Any CPU.Build.0 = Release|Any CPU
		{BFEB4612-FBDB-4DC3-B7DC-D807C18D926A}.Release|ARM.ActiveCfg = Release|Any CPU
		{BFEB4612-FBDB-4DC3-B7DC-D807C18D926A}.Release|x64.ActiveCfg = Release|Any CPU
		{BFEB4612-FBDB-4DC3-B7DC-D807C18D926A}.Release|x86.ActiveCfg = Release|Any CPU
	EndGlobalSection
	GlobalSection(SolutionProperties) = preSolution
		HideSolutionNode = FALSE
	EndGlobalSection
	GlobalSection(NestedProjects) = preSolution
		{69E446BD-13BB-47AC-A4C2-17E244A70D75} = {D81962CC-26B0-46B7-B29D-5F47203C52DA}
		{C1B72CAF-7168-4B0E-B4FF-E79FDE0D453B} = {D81962CC-26B0-46B7-B29D-5F47203C52DA}
		{96AD09D4-647B-4438-B30E-BB028FAAD813} = {D81962CC-26B0-46B7-B29D-5F47203C52DA}
		{E3158211-242F-4DD8-967E-70CA5C4486C5} = {D81962CC-26B0-46B7-B29D-5F47203C52DA}
		{EC0676A1-D1B9-4965-AA3D-27B296B29E5B} = {18AC934C-B506-4B0F-8CF9-8A62D78CBD6D}
		{6BA5E334-303B-4620-981C-CCCFAC433C8A} = {18AC934C-B506-4B0F-8CF9-8A62D78CBD6D}
		{23DBC815-FA33-412D-A965-37CD93EE893B} = {18AC934C-B506-4B0F-8CF9-8A62D78CBD6D}
		{BB3952F4-6A02-4B7A-AE47-FBD43B611CE3} = {18AC934C-B506-4B0F-8CF9-8A62D78CBD6D}
		{105DDA00-8577-4440-B2B8-D7CC91F956DA} = {18AC934C-B506-4B0F-8CF9-8A62D78CBD6D}
		{C355C9C0-832C-481C-9595-C98739682EF2} = {C8511F5E-E6D5-4730-979C-7239C6DDCD46}
		{ECA0B61D-2072-45E5-9F16-942F7FBBE520} = {42A88133-F7E0-4AA7-B8B8-197DD755B0B6}
		{E423F44D-E2DF-4DBA-A212-9CBCAF391A43} = {42A88133-F7E0-4AA7-B8B8-197DD755B0B6}
		{1ABD3923-E02C-4F43-AA31-0FE7B8D8AAD2} = {D81962CC-26B0-46B7-B29D-5F47203C52DA}
		{D910ADCA-C2EB-42B5-B79C-46417FB13B38} = {18AC934C-B506-4B0F-8CF9-8A62D78CBD6D}
		{8506913C-BABA-45BE-B6EB-2DDE2EE47FE2} = {A2FA43C4-530F-471D-88F7-A77718C14AA2}
		{3838C575-58D8-41DC-A040-837AC7B83BDC} = {A2FA43C4-530F-471D-88F7-A77718C14AA2}
		{A1C083EC-EA51-4BDA-8929-2C92DFD216B9} = {A2FA43C4-530F-471D-88F7-A77718C14AA2}
		{DCE9406C-EDFF-4BD4-B018-9CFDB0284025} = {A2FA43C4-530F-471D-88F7-A77718C14AA2}
		{CCE131CE-F59A-497F-8ADA-239805D6FA8E} = {A2FA43C4-530F-471D-88F7-A77718C14AA2}
		{7AD65366-A939-4CFC-BADD-B2EA4796A617} = {A2FA43C4-530F-471D-88F7-A77718C14AA2}
		{EBF9FA47-2175-4343-BEB0-23D75B249CF4} = {D81962CC-26B0-46B7-B29D-5F47203C52DA}
		{BFEB4612-FBDB-4DC3-B7DC-D807C18D926A} = {A2FA43C4-530F-471D-88F7-A77718C14AA2}
	EndGlobalSection
EndGlobal
